
Microsoft Visual Studio Solution File, Format Version 12.00
# Visual Studio Version 16
VisualStudioVersion = 16.0.30002.166
MinimumVisualStudioVersion = 10.0.40219.1
Project("{FAE04EC0-301F-11D3-BF4B-00C04F79EFBC}") = "examensarbete", "examensarbete\examensarbete.csproj", "{2A9BEBE9-8AB2-4F82-B474-74631460E60D}"
EndProject
Global
	GlobalSection(SolutionConfigurationPlatforms) = preSolution
		Debug|Any CPU = Debug|Any CPU
		Release|Any CPU = Release|Any CPU
	EndGlobalSection
	GlobalSection(ProjectConfigurationPlatforms) = postSolution
		{2A9BEBE9-8AB2-4F82-B474-74631460E60D}.Debug|Any CPU.ActiveCfg = Debug|Any CPU
		{2A9BEBE9-8AB2-4F82-B474-74631460E60D}.Debug|Any CPU.Build.0 = Debug|Any CPU
		{2A9BEBE9-8AB2-4F82-B474-74631460E60D}.Release|Any CPU.ActiveCfg = Release|Any CPU
		{2A9BEBE9-8AB2-4F82-B474-74631460E60D}.Release|Any CPU.Build.0 = Release|Any CPU
	EndGlobalSection
	GlobalSection(SolutionProperties) = preSolution
		HideSolutionNode = FALSE
	EndGlobalSection
	GlobalSection(ExtensibilityGlobals) = postSolution
		SolutionGuid = {6D34A502-50AE-4CC0-9526-5D6BEA5571E0}
	EndGlobalSection
EndGlobal
